# THIS IS AN AUTOGENERATED FILE. DO NOT EDIT THIS FILE DIRECTLY.
# yarn lockfile v1


eslint-config-standard@^14.1.0:
  version "14.1.0"
  resolved "https://registry.yarnpkg.com/eslint-config-standard/-/eslint-config-standard-14.1.0.tgz#b23da2b76fe5a2eba668374f246454e7058f15d4"
  integrity sha512-EF6XkrrGVbvv8hL/kYa/m6vnvmUT+K82pJJc4JJVMM6+Qgqh0pnwprSxdduDLB9p/7bIxD+YV5O0wfb8lmcPbA==
